
Microsoft Visual Studio Solution File, Format Version 12.00
# Visual Studio Version 16
VisualStudioVersion = 16.0.809.1
MinimumVisualStudioVersion = 10.0.40219.1
Project("{FAE04EC0-301F-11D3-BF4B-00C04F79EFBC}") = "Code_of_Lab_4", "Code_of_Lab_4\Code_of_Lab_4.csproj", "{D0553719-BB90-429E-93CF-3D5E3A8377AB}"
EndProject
Global
	GlobalSection(SolutionConfigurationPlatforms) = preSolution
		Debug|Any CPU = Debug|Any CPU
		Release|Any CPU = Release|Any CPU
	EndGlobalSection
	GlobalSection(ProjectConfigurationPlatforms) = postSolution
		{D0553719-BB90-429E-93CF-3D5E3A8377AB}.Debug|Any CPU.ActiveCfg = Debug|Any CPU
		{D0553719-BB90-429E-93CF-3D5E3A8377AB}.Debug|Any CPU.Build.0 = Debug|Any CPU
		{D0553719-BB90-429E-93CF-3D5E3A8377AB}.Release|Any CPU.ActiveCfg = Release|Any CPU
		{D0553719-BB90-429E-93CF-3D5E3A8377AB}.Release|Any CPU.Build.0 = Release|Any CPU
	EndGlobalSection
	GlobalSection(SolutionProperties) = preSolution
		HideSolutionNode = FALSE
	EndGlobalSection
	GlobalSection(ExtensibilityGlobals) = postSolution
		SolutionGuid = {6D4B5EF2-BD64-415E-A230-59A875ADCA9A}
	EndGlobalSection
EndGlobal
