
Microsoft Visual Studio Solution File, Format Version 12.00
# Visual Studio Version 16
VisualStudioVersion = 16.0.809.1
MinimumVisualStudioVersion = 10.0.40219.1
Project("{FAE04EC0-301F-11D3-BF4B-00C04F79EFBC}") = "Code_of_Lab_4", "Code_of_Lab_4.csproj", "{2B109E84-1B67-42B4-917D-558A6B9F71A7}"
EndProject
Global
	GlobalSection(SolutionConfigurationPlatforms) = preSolution
		Debug|Any CPU = Debug|Any CPU
		Release|Any CPU = Release|Any CPU
	EndGlobalSection
	GlobalSection(ProjectConfigurationPlatforms) = postSolution
		{2B109E84-1B67-42B4-917D-558A6B9F71A7}.Debug|Any CPU.ActiveCfg = Debug|Any CPU
		{2B109E84-1B67-42B4-917D-558A6B9F71A7}.Debug|Any CPU.Build.0 = Debug|Any CPU
		{2B109E84-1B67-42B4-917D-558A6B9F71A7}.Release|Any CPU.ActiveCfg = Release|Any CPU
		{2B109E84-1B67-42B4-917D-558A6B9F71A7}.Release|Any CPU.Build.0 = Release|Any CPU
	EndGlobalSection
	GlobalSection(SolutionProperties) = preSolution
		HideSolutionNode = FALSE
	EndGlobalSection
	GlobalSection(ExtensibilityGlobals) = postSolution
		SolutionGuid = {404A2BD7-1F91-4F7C-9C95-6026DBED5697}
	EndGlobalSection
EndGlobal
